
Microsoft Visual Studio Solution File, Format Version 12.00
# Visual Studio Version 16
VisualStudioVersion = 16.0.30011.22
MinimumVisualStudioVersion = 10.0.40219.1
Project("{FAE04EC0-301F-11D3-BF4B-00C04F79EFBC}") = "Cw3", "Cw3\Cw3.csproj", "{6BD28E2F-DA3A-4B3F-9404-1F2806CFAE55}"
EndProject
Global
	GlobalSection(SolutionConfigurationPlatforms) = preSolution
		Debug|Any CPU = Debug|Any CPU
		Release|Any CPU = Release|Any CPU
	EndGlobalSection
	GlobalSection(ProjectConfigurationPlatforms) = postSolution
		{6BD28E2F-DA3A-4B3F-9404-1F2806CFAE55}.Debug|Any CPU.ActiveCfg = Debug|Any CPU
		{6BD28E2F-DA3A-4B3F-9404-1F2806CFAE55}.Debug|Any CPU.Build.0 = Debug|Any CPU
		{6BD28E2F-DA3A-4B3F-9404-1F2806CFAE55}.Release|Any CPU.ActiveCfg = Release|Any CPU
		{6BD28E2F-DA3A-4B3F-9404-1F2806CFAE55}.Release|Any CPU.Build.0 = Release|Any CPU
	EndGlobalSection
	GlobalSection(SolutionProperties) = preSolution
		HideSolutionNode = FALSE
	EndGlobalSection
	GlobalSection(ExtensibilityGlobals) = postSolution
		SolutionGuid = {E00FB86C-B0E3-4FAF-918E-C971F64B7BCB}
	EndGlobalSection
EndGlobal
